
Microsoft Visual Studio Solution File, Format Version 12.00
# Visual Studio Version 16
VisualStudioVersion = 16.0.29709.97
MinimumVisualStudioVersion = 10.0.40219.1
Project("{FAE04EC0-301F-11D3-BF4B-00C04F79EFBC}") = "ScanimageGroup", "ScanimageGroup\ScanimageGroup.csproj", "{6E039BBE-F5CA-46FC-8758-BDC6CE03084D}"
EndProject
Global
	GlobalSection(SolutionConfigurationPlatforms) = preSolution
		Debug|Any CPU = Debug|Any CPU
		Release|Any CPU = Release|Any CPU
	EndGlobalSection
	GlobalSection(ProjectConfigurationPlatforms) = postSolution
		{6E039BBE-F5CA-46FC-8758-BDC6CE03084D}.Debug|Any CPU.ActiveCfg = Debug|Any CPU
		{6E039BBE-F5CA-46FC-8758-BDC6CE03084D}.Debug|Any CPU.Build.0 = Debug|Any CPU
		{6E039BBE-F5CA-46FC-8758-BDC6CE03084D}.Release|Any CPU.ActiveCfg = Release|Any CPU
		{6E039BBE-F5CA-46FC-8758-BDC6CE03084D}.Release|Any CPU.Build.0 = Release|Any CPU
	EndGlobalSection
	GlobalSection(SolutionProperties) = preSolution
		HideSolutionNode = FALSE
	EndGlobalSection
	GlobalSection(ExtensibilityGlobals) = postSolution
		SolutionGuid = {75A3C34A-B9F9-4B1D-AA0D-78972BE06786}
	EndGlobalSection
EndGlobal
